
Microsoft Visual Studio Solution File, Format Version 12.00
# Visual Studio Version 17
VisualStudioVersion = 17.9.34728.123
MinimumVisualStudioVersion = 10.0.40219.1
Project("{FAE04EC0-301F-11D3-BF4B-00C04F79EFBC}") = "Acceso_Datos", "Acceso_Datos\Acceso_Datos.csproj", "{BA8BCF15-3D16-43D5-AFF7-387A6AB3C637}"
EndProject
Project("{FAE04EC0-301F-11D3-BF4B-00C04F79EFBC}") = "Entidades", "Entidades\Entidades.csproj", "{226AFA1F-7D86-4E78-84CA-4E1B23E9A014}"
EndProject
Project("{FAE04EC0-301F-11D3-BF4B-00C04F79EFBC}") = "Logica_Negocio", "Logica_Negocio\Logica_Negocio.csproj", "{22E13FE0-593A-44BD-ADA1-3CFAAB7F4728}"
EndProject
Project("{FAE04EC0-301F-11D3-BF4B-00C04F79EFBC}") = "UI_Login", "UI_Login\UI_Login.csproj", "{196450CF-EE77-4CA0-8CD2-84E0DD1967C7}"
EndProject
Global
	GlobalSection(SolutionConfigurationPlatforms) = preSolution
		Debug|Any CPU = Debug|Any CPU
		Release|Any CPU = Release|Any CPU
	EndGlobalSection
	GlobalSection(ProjectConfigurationPlatforms) = postSolution
		{BA8BCF15-3D16-43D5-AFF7-387A6AB3C637}.Debug|Any CPU.ActiveCfg = Debug|Any CPU
		{BA8BCF15-3D16-43D5-AFF7-387A6AB3C637}.Debug|Any CPU.Build.0 = Debug|Any CPU
		{BA8BCF15-3D16-43D5-AFF7-387A6AB3C637}.Release|Any CPU.ActiveCfg = Release|Any CPU
		{BA8BCF15-3D16-43D5-AFF7-387A6AB3C637}.Release|Any CPU.Build.0 = Release|Any CPU
		{226AFA1F-7D86-4E78-84CA-4E1B23E9A014}.Debug|Any CPU.ActiveCfg = Debug|Any CPU
		{226AFA1F-7D86-4E78-84CA-4E1B23E9A014}.Debug|Any CPU.Build.0 = Debug|Any CPU
		{226AFA1F-7D86-4E78-84CA-4E1B23E9A014}.Release|Any CPU.ActiveCfg = Release|Any CPU
		{226AFA1F-7D86-4E78-84CA-4E1B23E9A014}.Release|Any CPU.Build.0 = Release|Any CPU
		{22E13FE0-593A-44BD-ADA1-3CFAAB7F4728}.Debug|Any CPU.ActiveCfg = Debug|Any CPU
		{22E13FE0-593A-44BD-ADA1-3CFAAB7F4728}.Debug|Any CPU.Build.0 = Debug|Any CPU
		{22E13FE0-593A-44BD-ADA1-3CFAAB7F4728}.Release|Any CPU.ActiveCfg = Release|Any CPU
		{22E13FE0-593A-44BD-ADA1-3CFAAB7F4728}.Release|Any CPU.Build.0 = Release|Any CPU
		{196450CF-EE77-4CA0-8CD2-84E0DD1967C7}.Debug|Any CPU.ActiveCfg = Debug|Any CPU
		{196450CF-EE77-4CA0-8CD2-84E0DD1967C7}.Debug|Any CPU.Build.0 = Debug|Any CPU
		{196450CF-EE77-4CA0-8CD2-84E0DD1967C7}.Release|Any CPU.ActiveCfg = Release|Any CPU
		{196450CF-EE77-4CA0-8CD2-84E0DD1967C7}.Release|Any CPU.Build.0 = Release|Any CPU
	EndGlobalSection
	GlobalSection(SolutionProperties) = preSolution
		HideSolutionNode = FALSE
	EndGlobalSection
	GlobalSection(ExtensibilityGlobals) = postSolution
		SolutionGuid = {679F27E6-F143-409C-89EB-1C6364D5D482}
	EndGlobalSection
EndGlobal
